version = 1
revision = 5
requires-python = "==3.10.*"

[[package]]
name = "cfgv"
version = "3.5.0"
source = { registry = "https://pypi.org/simple" }
sdist = { url = "https://files.pythonhosted.org/packages/4e/b5/721b8799b04bf9afe054a3899c6cf4e880fcf8563cc71c15610242490a0c/cfgv-3.5.0.tar.gz", hash = "sha256:d5b1034354820651caa73ede66a6294d6e95c1b00acc5e9b098e917404669132", size = 7334, upload-time = "2025-11-19T20:55:51.612Z" }
wheels = [
    { url = "https://files.pythonhosted.org/packages/db/3c/33bac158f8ab7f89b2e59426d5fe2e4f63f7ed25df84c036890172b412b5/cfgv-3.5.0-py2.py3-none-any.whl", hash = "sha256:a8dc6b26ad22ff227d2634a65cb388215ce6cc96bbcc5cfde7641ae87e8dacc0", size = 7445, upload-time = "2025-11-19T20:55:50.744Z" },
]

[[package]]
name = "distlib"
version = "0.4.3"
source = { registry = "https://pypi.org/simple" }
sdist = { url = "https://files.pythonhosted.org/packages/c9/02/bd72be9134d25ed783ecbbc38a539ffaefbf90c78418c7fb7229600dbac7/distlib-0.4.3.tar.gz", hash = "sha256:f152097224a0ae24be5a0f6bae1b9359af82133bce63f98a95f86cae1aede9ed", size = 615141, upload-time = "2026-06-12T08:04:52.847Z" }
wheels = [
    { url = "https://files.pythonhosted.org/packages/02/08/9c41fb51ab5b43eb21674aff13df270e8ba6c4b29c8624e328dc7a9482af/distlib-0.4.3-py2.py3-none-any.whl", hash = "sha256:4b0ce306c966eb73bc3a7b6abad017c556dadd92c44701562cd528ac7fde4d5b", size = 470628, upload-time = "2026-06-12T08:04:50.506Z" },
]

[[package]]
name = "filelock"
version = "4.0.9"
source = { registry = "https://pypi.org/simple" }
sdist = { url = "https://files.pythonhosted.org/packages/70/51/2bc9e529f154fad99b6cd0073e609291eb32fd23581b32362d33d164d316/filelock-4.0.9.tar.gz", hash = "sha256:635e7d67fa92654eed444e75e9ca18426d34e77ad9c469bf4373f75a932f7b22", size = 251200, upload-time = "2026-10-01T23:09:14.029Z" }
wheels = [
    { url = "https://files.pythonhosted.org/packages/01/4f/83454fafd628e1e7e1726d74e44fb2332be5969d04c6182ca1fecb6c580e/filelock-4.0.9-py3-none-any.whl", hash = "sha256:9287fd61b99a806e5202be29a83034c0808a1b9830e820537c2f5773981f7eeb", size = 110368, upload-time = "2026-10-01T23:09:12.391Z" },
]

[[package]]
name = "identify"
version = "2.6.20"
source = { registry = "https://pypi.org/simple" }
sdist = { url = "https://files.pythonhosted.org/packages/53/35/d70c0006c7cee65999ea94a6273e60b2094f600a3d8b71b04318253fc643/identify-2.6.20.tar.gz", hash = "sha256:ad729860a923858d26917c2f4fb0a1d83d27a75b1e090c06440c573f048f3285", size = 99681, upload-time = "2026-09-26T20:29:07.187Z" }
wheels = [
    { url = "https://files.pythonhosted.org/packages/fa/70/fffc9613501877c0a10a1ef73a165e6ded3e53f6e7502227fef56d973933/identify-2.6.20-py2.py3-none-any.whl", hash = "sha256:6a16b69b93187244e0548cbfd25b3e4a6f9a7a2ad784625c3bec2b8d27b81aaa", size = 99506, upload-time = "2026-09-26T20:29:06.054Z" },
]

[[package]]
name = "nodeenv"
version = "1.11.0"
source = { registry = "https://pypi.org/simple" }
sdist = { url = "https://files.pythonhosted.org/packages/9a/8e/105de02c1322cfada6d9710d9146ef8026419d433c9d08359a2d35805811/nodeenv-1.11.0.tar.gz", hash = "sha256:3ce8fe5b71d16e8af7039ca65257354100bc772965d6bc549070649e53b1b146", size = 99301, upload-time = "2026-09-26T11:29:21.367Z" }
wheels = [
    { url = "https://files.pythonhosted.org/packages/54/c8/12811c9b48fde162bb72b6f2e78fada9a247a09d7bb5be2050a5d099c77b/nodeenv-1.11.0-py2.py3-none-any.whl", hash = "sha256:edaa16e6c14d7cf395d75d4bbd5a26390f4dc06501a33b4e76282b02cc688a25", size = 34277, upload-time = "2026-09-26T11:29:19.933Z" },
]

[[package]]
name = "packaging"
version = "26.3"
source = { registry = "https://pypi.org/simple" }
sdist = { url = "https://files.pythonhosted.org/packages/7d/fa/3944b40b07da9ce895c0e6303a5ab7d53da063554f534556b134a54d6093/packaging-26.3.tar.gz", hash = "sha256:94edc256424af38762eb31306eed28beb9f0efc50a8837492c9d6fd6004aed79", size = 313412, upload-time = "2026-08-04T18:15:28.737Z" }
wheels = [
    { url = "https://files.pythonhosted.org/packages/63/34/ba1c580383c9eada3711951fef0795c80b829a078d72188184bcab9dd527/packaging-26.3-py3-none-any.whl", hash = "sha256:d7193f7c8e4e93f444fde0262bf90af30e16fa0ad0ad44cb553c87339b23cd1c", size = 129956, upload-time = "2026-08-04T18:15:27.159Z" },
]

[[package]]
name = "platformdirs"
version = "4.12.2"
source = { registry = "https://pypi.org/simple" }
sdist = { url = "https://files.pythonhosted.org/packages/17/c8/721b3855fe457da514fe249247d404b9b39c5d16532278f70ebaa6acf18b/platformdirs-4.12.2.tar.gz", hash = "sha256:eab5f70271a490ef74618bb314fbb86e3c7e82fa3b9c922c2ea0e0a1a155d329", size = 59353, upload-time = "2026-09-29T18:27:56.009Z" }
wheels = [
    { url = "https://files.pythonhosted.org/packages/d0/89/446044f33aba0348d35e433f56d12206d010a5281a1df54054d4cfb82388/platformdirs-4.12.2-py3-none-any.whl", hash = "sha256:29dbf06d96c500bc6bdbce75fb0a14d63279c93b1842f97e72a135b33e856983", size = 32457, upload-time = "2026-09-29T18:27:54.43Z" },
]

[[package]]
name = "pre-commit"
version = "4.6.2"
source = { registry = "https://pypi.org/simple" }
dependencies = [
    { name = "cfgv" },
    { name = "identify" },
    { name = "nodeenv" },
    { name = "pyyaml" },
    { name = "virtualenv" },
]
sdist = { url = "https://files.pythonhosted.org/packages/74/89/1f3e8e1fc3e97de0fa963495832f581f025f29471602a309e48808244292/pre_commit-4.6.2.tar.gz", hash = "sha256:8f5d7bfb021ecdbcd9d49d89847082dd24172ccde534390081a679ad046e2441", size = 198670, upload-time = "2026-08-10T22:07:18.421Z" }
wheels = [
    { url = "https://files.pythonhosted.org/packages/45/e2/bbb7129c9e7999a6b8ee9cca3b66486c25c423ab5a75f34071798b74ce94/pre_commit-4.6.2-py2.py3-none-any.whl", hash = "sha256:e2dde9a75d3bce11bd3831c26d134df00a2803c1d818be6a0383c3dcda25dc4e", size = 226202, upload-time = "2026-08-10T22:07:16.942Z" },
]

[[package]]
name = "python-discovery"
version = "1.6.1"
source = { registry = "https://pypi.org/simple" }
dependencies = [
    { name = "filelock" },
]
sdist = { url = "https://files.pythonhosted.org/packages/0c/57/250bd238b966cece44328235eb85290045d059265fdaf7527a3a958123db/python_discovery-1.6.1.tar.gz", hash = "sha256:cf87d3627dfb4412437fdd5b13eae402607722998d21567993aedbc59b23c15e", size = 84338, upload-time = "2026-09-18T01:31:53.971Z" }
wheels = [
    { url = "https://files.pythonhosted.org/packages/16/7d/e9ffbadfbf89c93848412d04594135c4ae8c1d37d9e053b9c3ed718fabc4/python_discovery-1.6.1-py3-none-any.whl", hash = "sha256:d43fcdef879fe795352bd13ccf8d185ba5a9f86f36cfcd00529f596e737442b3", size = 38664, upload-time = "2026-09-18T01:31:52.448Z" },
]

[[package]]
name = "pyyaml"
version = "6.0.3"
source = { registry = "https://pypi.org/simple" }
sdist = { url = "https://files.pythonhosted.org/packages/05/8e/961c0007c59b8dd7729d542c61a4d537767a59645b82a0b521206e1e25c2/pyyaml-6.0.3.tar.gz", hash = "sha256:d76623373421df22fb4cf8817020cbb7ef15c725b9d5e45f17e189bfc384190f", size = 130960, upload-time = "2025-09-25T21:33:16.546Z" }
wheels = [
    { url = "https://files.pythonhosted.org/packages/f4/a0/39350dd17dd6d6c6507025c0e53aef67a9293a6d37d3511f23ea510d5800/pyyaml-6.0.3-cp310-cp310-macosx_10_13_x86_64.whl", hash = "sha256:214ed4befebe12df36bcc8bc2b64b396ca31be9304b8f59e25c11cf94a4c033b", size = 184227, upload-time = "2025-09-25T21:31:46.04Z" },
    { url = "https://files.pythonhosted.org/packages/05/14/52d505b5c59ce73244f59c7a50ecf47093ce4765f116cdb98286a71eeca2/pyyaml-6.0.3-cp310-cp310-macosx_11_0_arm64.whl", hash = "sha256:02ea2dfa234451bbb8772601d7b8e426c2bfa197136796224e50e35a78777956", size = 174019, upload-time = "2025-09-25T21:31:47.706Z" },
    { url = "https://files.pythonhosted.org/packages/43/f7/0e6a5ae5599c838c696adb4e6330a59f463265bfa1e116cfd1fbb0abaaae/pyyaml-6.0.3-cp310-cp310-manylinux2014_aarch64.manylinux_2_17_aarch64.manylinux_2_28_aarch64.whl", hash = "sha256:b30236e45cf30d2b8e7b3e85881719e98507abed1011bf463a8fa23e9c3e98a8", size = 740646, upload-time = "2025-09-25T21:31:49.21Z" },
    { url = "https://files.pythonhosted.org/packages/2f/3a/61b9db1d28f00f8fd0ae760459a5c4bf1b941baf714e207b6eb0657d2578/pyyaml-6.0.3-cp310-cp310-manylinux2014_s390x.manylinux_2_17_s390x.manylinux_2_28_s390x.whl", hash = "sha256:66291b10affd76d76f54fad28e22e51719ef9ba22b29e1d7d03d6777a9174198", size = 840793, upload-time = "2025-09-25T21:31:50.735Z" },
    { url = "https://files.pythonhosted.org/packages/7a/1e/7acc4f0e74c4b3d9531e24739e0ab832a5edf40e64fbae1a9c01941cabd7/pyyaml-6.0.3-cp310-cp310-manylinux2014_x86_64.manylinux_2_17_x86_64.manylinux_2_28_x86_64.whl", hash = "sha256:9c7708761fccb9397fe64bbc0395abcae8c4bf7b0eac081e12b809bf47700d0b", size = 770293, upload-time = "2025-09-25T21:31:51.828Z" },
    { url = "https://files.pythonhosted.org/packages/8b/ef/abd085f06853af0cd59fa5f913d61a8eab65d7639ff2a658d18a25d6a89d/pyyaml-6.0.3-cp310-cp310-musllinux_1_2_aarch64.whl", hash = "sha256:418cf3f2111bc80e0933b2cd8cd04f286338bb88bdc7bc8e6dd775ebde60b5e0", size = 732872, upload-time = "2025-09-25T21:31:53.282Z" },
    { url = "https://files.pythonhosted.org/packages/1f/15/2bc9c8faf6450a8b3c9fc5448ed869c599c0a74ba2669772b1f3a0040180/pyyaml-6.0.3-cp310-cp310-musllinux_1_2_x86_64.whl", hash = "sha256:5e0b74767e5f8c593e8c9b5912019159ed0533c70051e9cce3e8b6aa699fcd69", size = 758828, upload-time = "2025-09-25T21:31:54.807Z" },
    { url = "https://files.pythonhosted.org/packages/a3/00/531e92e88c00f4333ce359e50c19b8d1de9fe8d581b1534e35ccfbc5f393/pyyaml-6.0.3-cp310-cp310-win32.whl", hash = "sha256:28c8d926f98f432f88adc23edf2e6d4921ac26fb084b028c733d01868d19007e", size = 142415, upload-time = "2025-09-25T21:31:55.885Z" },
    { url = "https://files.pythonhosted.org/packages/2a/fa/926c003379b19fca39dd4634818b00dec6c62d87faf628d1394e137354d4/pyyaml-6.0.3-cp310-cp310-win_amd64.whl", hash = "sha256:bdb2c67c6c1390b63c6ff89f210c8fd09d9a1217a465701eac7316313c915e4c", size = 158561, upload-time = "2025-09-25T21:31:57.406Z" },
]

[[package]]
name = "sfm-rotations"
version = "0.0.1"
source = { editable = "." }

[package.dev-dependencies]
dev = [
    { name = "pre-commit" },
]

[package.metadata]

[package.metadata.requires-dev]
dev = [{ name = "pre-commit", specifier = ">=4.0.1" }]

[[package]]
name = "typing-extensions"
version = "4.16.0"
source = { registry = "https://pypi.org/simple" }
sdist = { url = "https://files.pythonhosted.org/packages/f6/cc/6253133b5bb138fc3306cebfbda2c520f545d36b5be2c7255cc528bb45d6/typing_extensions-4.16.0.tar.gz", hash = "sha256:dc983d19a509c94dba722ee6abd33940f7c05a89e243c47e907eb4db6f1a43e5", size = 113555, upload-time = "2026-07-02T08:40:05.92Z" }
wheels = [
    { url = "https://files.pythonhosted.org/packages/49/d3/b8441a820a491ddfc024b0b0cf0393375b75ea13866d9c66727e54c2fc80/typing_extensions-4.16.0-py3-none-any.whl", hash = "sha256:481caa481374e813c1b176ada14e97f1f67a4539ce9cfeb3f350d78d6370c2e8", size = 45571, upload-time = "2026-07-02T08:40:04.659Z" },
]

[[package]]
name = "virtualenv"
version = "21.14.3"
source = { registry = "https://pypi.org/simple" }
dependencies = [
    { name = "distlib" },
    { name = "filelock" },
    { name = "packaging" },
    { name = "platformdirs" },
    { name = "python-discovery" },
    { name = "typing-extensions" },
]
sdist = { url = "https://files.pythonhosted.org/packages/01/59/5ebdaa984350ae7ef1dc14b4d0bd618f6e0d3fb13e7b336939433eebf37b/virtualenv-21.14.3.tar.gz", hash = "sha256:cb5cd3a87f12a6cfdc0cef6bc8bead6138221767f7718e0c00fee5fb907f9858", size = 5464634, upload-time = "2026-10-01T22:55:31.895Z" }
wheels = [
    { url = "https://files.pythonhosted.org/packages/5c/dc/33782ebe90eb4e582295642c5c13e874b5a8c9c75d482988c54f1c21a5d4/virtualenv-21.14.3-py3-none-any.whl", hash = "sha256:4acc848a57a3bdb2ae0873d0689664bccad2230784de3753f57128eb126d3934", size = 5487108, upload-time = "2026-10-01T22:55:29.913Z" },
]
